
Microsoft Visual Studio Solution File, Format Version 12.00
# Visual Studio Version 16
VisualStudioVersion = 16.0.31313.79
MinimumVisualStudioVersion = 10.0.40219.1
Project("{FAE04EC0-301F-11D3-BF4B-00C04F79EFBC}") = "WindowsFormsApp1", "WindowsFormsApp1\WindowsFormsApp1.csproj", "{EE11EC48-6391-4860-AA46-F2607AB19282}"
EndProject
Project("{FAE04EC0-301F-11D3-BF4B-00C04F79EFBC}") = "WindowsFormsApp1Tests2", "WindowsFormsApp1Tests2\WindowsFormsApp1Tests2.csproj", "{1E3E5B29-80A2-42F4-BEA7-E1A98C3BDB2C}"
EndProject
Global
	GlobalSection(SolutionConfigurationPlatforms) = preSolution
		Debug|Any CPU = Debug|Any CPU
		Release|Any CPU = Release|Any CPU
	EndGlobalSection
	GlobalSection(ProjectConfigurationPlatforms) = postSolution
		{EE11EC48-6391-4860-AA46-F2607AB19282}.Debug|Any CPU.ActiveCfg = Debug|Any CPU
		{EE11EC48-6391-4860-AA46-F2607AB19282}.Debug|Any CPU.Build.0 = Debug|Any CPU
		{EE11EC48-6391-4860-AA46-F2607AB19282}.Release|Any CPU.ActiveCfg = Release|Any CPU
		{EE11EC48-6391-4860-AA46-F2607AB19282}.Release|Any CPU.Build.0 = Release|Any CPU
		{1E3E5B29-80A2-42F4-BEA7-E1A98C3BDB2C}.Debug|Any CPU.ActiveCfg = Debug|Any CPU
		{1E3E5B29-80A2-42F4-BEA7-E1A98C3BDB2C}.Debug|Any CPU.Build.0 = Debug|Any CPU
		{1E3E5B29-80A2-42F4-BEA7-E1A98C3BDB2C}.Release|Any CPU.ActiveCfg = Release|Any CPU
		{1E3E5B29-80A2-42F4-BEA7-E1A98C3BDB2C}.Release|Any CPU.Build.0 = Release|Any CPU
	EndGlobalSection
	GlobalSection(SolutionProperties) = preSolution
		HideSolutionNode = FALSE
	EndGlobalSection
	GlobalSection(ExtensibilityGlobals) = postSolution
		SolutionGuid = {2EFC2C5E-7DBD-4026-BF75-E357B3F1839B}
	EndGlobalSection
EndGlobal
